PODS:
  - Alamofire (4.9.1)
  - AlamofireObjectMapper (5.2.1):
    - Alamofire (~> 4.7)
    - ObjectMapper (~> 3.4)
  - Kingfisher (5.8.3):
    - Kingfisher/Core (= 5.8.3)
  - Kingfisher/Core (5.8.3)
  - MBProgressHUD (1.1.0)
  - NVActivityIndicatorView (5.1.1):
    - NVActivityIndicatorView/Base (= 5.1.1)
  - NVActivityIndicatorView/Base (5.1.1)
  - ObjectMapper (3.5.3)
  - SwiftMessages (6.0.2):
    - SwiftMessages/App (= 6.0.2)
  - SwiftMessages/App (6.0.2)

DEPENDENCIES:
  - Alamofire (~> 4.7)
  - AlamofireObjectMapper (~> 5.0)
  - Kingfisher (= 5.8.3)
  - MBProgressHUD (= 1.1.0)
  - NVActivityIndicatorView
  - SwiftMessages (~> 6.0.0)

SPEC REPOS:
  trunk:
    - Alamofire
    - AlamofireObjectMapper
    - Kingfisher
    - MBProgressHUD
    - NVActivityIndicatorView
    - ObjectMapper
    - SwiftMessages

SPEC CHECKSUMS:
  Alamofire: 85e8a02c69d6020a0d734f6054870d7ecb75cf18
  AlamofireObjectMapper: 1989f690e982b71921b9253f53a4f33a9bc00d88
  Kingfisher: b7e4cb65ff24c264bd2a1284b75b974d907afd94
  MBProgressHUD: e7baa36a220447d8aeb12769bf0585582f3866d9
  NVActivityIndicatorView: 1f6c5687f1171810aa27a3296814dc2d7dec3667
  ObjectMapper: 97111c97e054a6ee25917662106689f0b4127b37
  SwiftMessages: 8b3cc68dba2f1c91aac1a74c90b10287aac35371

PODFILE CHECKSUM: f86a20af29dabca9799a30f2108d5ae1dd428c50

COCOAPODS: 1.11.2
